{
  "name": "proj2",
  "lockfileVersion": 2,
  "requires": true,
  "packages": {
    "": {
      "dependencies": {
        "@libp2p/mdns": "^5.1.0"
      }
    },
    "node_modules/@chainsafe/is-ip": {
      "version": "2.0.1",
      "resolved": "https://registry.npmjs.org/@chainsafe/is-ip/-/is-ip-2.0.1.tgz",
      "integrity": "sha512-nqSJ8u2a1Rv9FYbyI8qpDhTYujaKEyLknNrTejLYoSWmdeg+2WB7R6BZqPZYfrJzDxVi3rl6ZQuoaEvpKRZWgQ=="
    },
    "node_modules/@leichtgewicht/ip-codec": {
      "version": "2.0.4",
      "resolved": "https://registry.npmjs.org/@leichtgewicht/ip-codec/-/ip-codec-2.0.4.tgz",
      "integrity": "sha512-Hcv+nVC0kZnQ3tD9GVu5xSMR4VVYOteQIr/hwFPVEvPdlXqgGEuRjiheChHgdM+JyqdgNcmzZOX/tnl0JOiI7A=="
    },
    "node_modules/@libp2p/interface-peer-discovery": {
      "version": "1.0.2",
      "resolved": "https://registry.npmjs.org/@libp2p/interface-peer-discovery/-/interface-peer-discovery-1.0.2.tgz",
      "integrity": "sha512-Zgjw0bVd8DDwL5qkh/GA1JCQiEGD16wRQ7nhlGe+tXHdZb8LCP/1/P6ry0v0W6MgxAnO90SegC4T3TGYlsj6hw==",
      "dependencies": {
        "@libp2p/interface-peer-info": "^1.0.0",
        "@libp2p/interfaces": "^3.0.0"
      },
      "engines": {
        "node": ">=16.0.0",
        "npm": ">=7.0.0"
      }
    },
    "node_modules/@libp2p/interface-peer-id": {
      "version": "1.0.6",
      "resolved": "https://registry.npmjs.org/@libp2p/interface-peer-id/-/interface-peer-id-1.0.6.tgz",
      "integrity": "sha512-3iMoAnXq/F+t/JWbNPb9UePvwgmm5rFUCEwNgAiDOUtXUZsXZO0Ko3eF9O1gpLe1KNH5wK7g2Wf46YW1vRAS8A==",
      "dependencies": {
        "multiformats": "^10.0.0"
      },
      "engines": {
        "node": ">=16.0.0",
        "npm": ">=7.0.0"
      }
    },
    "node_modules/@libp2p/interface-peer-info": {
      "version": "1.0.4",
      "resolved": "https://registry.npmjs.org/@libp2p/interface-peer-info/-/interface-peer-info-1.0.4.tgz",
      "integrity": "sha512-ILW2j7NMD1jZwWdJyxXY8fv/aiaJf2rOjgQkXgidy1GdaZ7UtNiiyvZmksqfEVlWH6opfd/GbuwrMemzM2E7Xg==",
      "dependencies": {
        "@libp2p/interface-peer-id": "^1.0.0",
        "@multiformats/multiaddr": "^11.0.0"
      },
      "engines": {
        "node": ">=16.0.0",
        "npm": ">=7.0.0"
      }
    },
    "node_modules/@libp2p/interfaces": {
      "version": "3.0.4",
      "resolved": "https://registry.npmjs.org/@libp2p/interfaces/-/interfaces-3.0.4.tgz",
      "integrity": "sha512-e8GZAgr72bT2qfDsIVb9lKDA2itLLGfXnaC18VXsToFUd4kCAe6ggUsRFpCBjrX3aWZ16pRiGy4afprOCfgyIg==",
      "engines": {
        "node": ">=16.0.0",
        "npm": ">=7.0.0"
      }
    },
    "node_modules/@libp2p/logger": {
      "version": "2.0.2",
      "resolved": "https://registry.npmjs.org/@libp2p/logger/-/logger-2.0.2.tgz",
      "integrity": "sha512-7XuYoKuce7wTUkVSpll3A/BVlnCVV2kQEfgHtNe8fK8miXCDJFKYm/DhCP1/ZOFs/TrkVt7F/TFJwQ9tlOj3rw==",
      "dependencies": {
        "@libp2p/interface-peer-id": "^1.0.2",
        "debug": "^4.3.3",
        "interface-datastore": "^7.0.0",
        "multiformats": "^10.0.0"
      },
      "engines": {
        "node": ">=16.0.0",
        "npm": ">=7.0.0"
      }
    },
    "node_modules/@libp2p/mdns": {
      "version": "5.1.0",
      "resolved": "https://registry.npmjs.org/@libp2p/mdns/-/mdns-5.1.0.tgz",
      "integrity": "sha512-kKCnZ9T2IDZoGWWHTmqDj2nGub6mtA3sHcKmojssljiG6KAL5gxr6/9lW3kb6R598b+RMrl7xl2r8pSQRl0O3g==",
      "dependencies": {
        "@libp2p/interface-peer-discovery": "^1.0.1",
        "@libp2p/interface-peer-id": "^1.0.4",
        "@libp2p/interface-peer-info": "^1.0.3",
        "@libp2p/interfaces": "^3.0.3",
        "@libp2p/logger": "^2.0.1",
        "@libp2p/peer-id": "^1.1.15",
        "@multiformats/multiaddr": "^11.0.0",
        "@types/multicast-dns": "^7.2.1",
        "multicast-dns": "^7.2.0",
        "multiformats": "^10.0.0"
      },
      "engines": {
        "node": ">=16.0.0",
        "npm": ">=7.0.0"
      }
    },
    "node_modules/@libp2p/peer-id": {
      "version": "1.1.16",
      "resolved": "https://registry.npmjs.org/@libp2p/peer-id/-/peer-id-1.1.16.tgz",
      "integrity": "sha512-frt4wRNme5fR8sFl6LLL22brfEIDR09ewE4ICaRzYC32wvI9LK4oXfMOytpW7YUX1nH/r5mOcJgmZaDW0y6nZQ==",
      "dependencies": {
        "@libp2p/interface-peer-id": "^1.0.0",
        "err-code": "^3.0.1",
        "multiformats": "^10.0.0",
        "uint8arrays": "^4.0.2"
      },
      "engines": {
        "node": ">=16.0.0",
        "npm": ">=7.0.0"
      }
    },
    "node_modules/@multiformats/multiaddr": {
      "version": "11.0.7",
      "resolved": "https://registry.npmjs.org/@multiformats/multiaddr/-/multiaddr-11.0.7.tgz",
      "integrity": "sha512-rCqYS3Qz/dm4H/1Lvda11OBZf1tH8rst69GWK9jDy8AY+3n+NBBdErA/SRtdcRx6hPtQ8lAB5UhHlzIVbViv1Q==",
      "dependencies": {
        "@chainsafe/is-ip": "^2.0.1",
        "dns-over-http-resolver": "^2.1.0",
        "err-code": "^3.0.1",
        "multiformats": "^10.0.0",
        "uint8arrays": "^4.0.2",
        "varint": "^6.0.0"
      },
      "engines": {
        "node": ">=16.0.0",
        "npm": ">=7.0.0"
      }
    },
    "node_modules/@types/dns-packet": {
      "version": "5.2.4",
      "resolved": "https://registry.npmjs.org/@types/dns-packet/-/dns-packet-5.2.4.tgz",
      "integrity": "sha512-OAruArypdNxR/tzbmrtoyEuXeNTLaZCpO19BXaNC10T5ACIbvjmvhmV2RDEy2eLc3w8IjK7SY3cvUCcAW+sfoQ==",
      "dependencies": {
        "@types/node": "*"
      }
    },
    "node_modules/@types/multicast-dns": {
      "version": "7.2.1",
      "resolved": "https://registry.npmjs.org/@types/multicast-dns/-/multicast-dns-7.2.1.tgz",
      "integrity": "sha512-A2PmB8MRcNVEkw6wzGT5rtBHqyHOVjiRMkJH+zpJKXipSi+GGkHg6JjNFApDiYK9WefJqkVG0taln1VMl4TGfw==",
      "dependencies": {
        "@types/dns-packet": "*",
        "@types/node": "*"
      }
    },
    "node_modules/@types/node": {
      "version": "18.11.10",
      "resolved": "https://registry.npmjs.org/@types/node/-/node-18.11.10.tgz",
      "integrity": "sha512-juG3RWMBOqcOuXC643OAdSA525V44cVgGV6dUDuiFtss+8Fk5x1hI93Rsld43VeJVIeqlP9I7Fn9/qaVqoEAuQ=="
    },
    "node_modules/busboy": {
      "version": "1.6.0",
      "resolved": "https://registry.npmjs.org/busboy/-/busboy-1.6.0.tgz",
      "integrity": "sha512-8SFQbg/0hQ9xy3UNTB0YEnsNBbWfhf7RtnzpL7TkBiTBRfrQ9Fxcnz7VJsleJpyp6rVLvXiuORqjlHi5q+PYuA==",
      "dependencies": {
        "streamsearch": "^1.1.0"
      },
      "engines": {
        "node": ">=10.16.0"
      }
    },
    "node_modules/debug": {
      "version": "4.3.4",
      "resolved": "https://registry.npmjs.org/debug/-/debug-4.3.4.tgz",
      "integrity": "sha512-PRWFHuSU3eDtQJPvnNY7Jcket1j0t5OuOsFzPPzsekD52Zl8qUfFIPEiswXqIvHWGVHOgX+7G/vCNNhehwxfkQ==",
      "dependencies": {
        "ms": "2.1.2"
      },
      "engines": {
        "node": ">=6.0"
      },
      "peerDependenciesMeta": {
        "supports-color": {
          "optional": true
        }
      }
    },
    "node_modules/dns-over-http-resolver": {
      "version": "2.1.1",
      "resolved": "https://registry.npmjs.org/dns-over-http-resolver/-/dns-over-http-resolver-2.1.1.tgz",
      "integrity": "sha512-Lm/eXB7yAQLJ5WxlBGwYfBY7utduXPZykcSmcG6K7ozM0wrZFvxZavhT6PqI0kd/5CUTfev/RrEFQqyU4CGPew==",
      "dependencies": {
        "debug": "^4.3.1",
        "native-fetch": "^4.0.2",
        "receptacle": "^1.3.2",
        "undici": "^5.12.0"
      },
      "engines": {
        "node": ">=16.0.0",
        "npm": ">=7.0.0"
      }
    },
    "node_modules/dns-packet": {
      "version": "5.4.0",
      "resolved": "https://registry.npmjs.org/dns-packet/-/dns-packet-5.4.0.tgz",
      "integrity": "sha512-EgqGeaBB8hLiHLZtp/IbaDQTL8pZ0+IvwzSHA6d7VyMDM+B9hgddEMa9xjK5oYnw0ci0JQ6g2XCD7/f6cafU6g==",
      "dependencies": {
        "@leichtgewicht/ip-codec": "^2.0.1"
      },
      "engines": {
        "node": ">=6"
      }
    },
    "node_modules/err-code": {
      "version": "3.0.1",
      "resolved": "https://registry.npmjs.org/err-code/-/err-code-3.0.1.tgz",
      "integrity": "sha512-GiaH0KJUewYok+eeY05IIgjtAe4Yltygk9Wqp1V5yVWLdhf0hYZchRjNIT9bb0mSwRcIusT3cx7PJUf3zEIfUA=="
    },
    "node_modules/interface-datastore": {
      "version": "7.0.1",
      "resolved": "https://registry.npmjs.org/interface-datastore/-/interface-datastore-7.0.1.tgz",
      "integrity": "sha512-Arm3PyEdL9kvzUXVPSE8x6YPK5N0MAP9b7au6D9Y91dgWVVLFMGt/W3oiR1mhgT+U82Qc7FcVgW8FBpivOBDAg==",
      "dependencies": {
        "interface-store": "^3.0.0",
        "nanoid": "^4.0.0",
        "uint8arrays": "^4.0.2"
      },
      "engines": {
        "node": ">=16.0.0",
        "npm": ">=7.0.0"
      }
    },
    "node_modules/interface-store": {
      "version": "3.0.1",
      "resolved": "https://registry.npmjs.org/interface-store/-/interface-store-3.0.1.tgz",
      "integrity": "sha512-S5JcwBV+cJorsD0zGKHcBa8A2e578gw9vhZX0QhkV4Xyl4lAMAg5N2GJceUnjCfj/FOKzxTdABzJKPOF2Id8Ig==",
      "engines": {
        "node": ">=16.0.0",
        "npm": ">=7.0.0"
      }
    },
    "node_modules/ms": {
      "version": "2.1.2",
      "resolved": "https://registry.npmjs.org/ms/-/ms-2.1.2.tgz",
      "integrity": "sha512-sGkPx+VjMtmA6MX27oA4FBFELFCZZ4S4XqeGOXCv68tT+jb3vk/RyaKWP0PTKyWtmLSM0b+adUTEvbs1PEaH2w=="
    },
    "node_modules/multicast-dns": {
      "version": "7.2.5",
      "resolved": "https://registry.npmjs.org/multicast-dns/-/multicast-dns-7.2.5.tgz",
      "integrity": "sha512-2eznPJP8z2BFLX50tf0LuODrpINqP1RVIm/CObbTcBRITQgmC/TjcREF1NeTBzIcR5XO/ukWo+YHOjBbFwIupg==",
      "dependencies": {
        "dns-packet": "^5.2.2",
        "thunky": "^1.0.2"
      },
      "bin": {
        "multicast-dns": "cli.js"
      }
    },
    "node_modules/multiformats": {
      "version": "10.0.2",
      "resolved": "https://registry.npmjs.org/multiformats/-/multiformats-10.0.2.tgz",
      "integrity": "sha512-nJEHLFOYhO4L+aNApHhCnWqa31FyqAHv9Q77AhmwU3KsM2f1j7tuJpCk5ByZ33smzycNCpSG5klNIejIyfFx2A==",
      "engines": {
        "node": ">=16.0.0",
        "npm": ">=7.0.0"
      }
    },
    "node_modules/nanoid": {
      "version": "4.0.0",
      "resolved": "https://registry.npmjs.org/nanoid/-/nanoid-4.0.0.tgz",
      "integrity": "sha512-IgBP8piMxe/gf73RTQx7hmnhwz0aaEXYakvqZyE302IXW3HyVNhdNGC+O2MwMAVhLEnvXlvKtGbtJf6wvHihCg==",
      "bin": {
        "nanoid": "bin/nanoid.js"
      },
      "engines": {
        "node": "^14 || ^16 || >=18"
      }
    },
    "node_modules/native-fetch": {
      "version": "4.0.2",
      "resolved": "https://registry.npmjs.org/native-fetch/-/native-fetch-4.0.2.tgz",
      "integrity": "sha512-4QcVlKFtv2EYVS5MBgsGX5+NWKtbDbIECdUXDBGDMAZXq3Jkv9zf+y8iS7Ub8fEdga3GpYeazp9gauNqXHJOCg==",
      "peerDependencies": {
        "undici": "*"
      }
    },
    "node_modules/receptacle": {
      "version": "1.3.2",
      "resolved": "https://registry.npmjs.org/receptacle/-/receptacle-1.3.2.tgz",
      "integrity": "sha512-HrsFvqZZheusncQRiEE7GatOAETrARKV/lnfYicIm8lbvp/JQOdADOfhjBd2DajvoszEyxSM6RlAAIZgEoeu/A==",
      "dependencies": {
        "ms": "^2.1.1"
      }
    },
    "node_modules/streamsearch": {
      "version": "1.1.0",
      "resolved": "https://registry.npmjs.org/streamsearch/-/streamsearch-1.1.0.tgz",
      "integrity": "sha512-Mcc5wHehp9aXz1ax6bZUyY5afg9u2rv5cqQI3mRrYkGC8rW2hM02jWuwjtL++LS5qinSyhj2QfLyNsuc+VsExg==",
      "engines": {
        "node": ">=10.0.0"
      }
    },
    "node_modules/thunky": {
      "version": "1.1.0",
      "resolved": "https://registry.npmjs.org/thunky/-/thunky-1.1.0.tgz",
      "integrity": "sha512-eHY7nBftgThBqOyHGVN+l8gF0BucP09fMo0oO/Lb0w1OF80dJv+lDVpXG60WMQvkcxAkNybKsrEIE3ZtKGmPrA=="
    },
    "node_modules/uint8arrays": {
      "version": "4.0.2",
      "resolved": "https://registry.npmjs.org/uint8arrays/-/uint8arrays-4.0.2.tgz",
      "integrity": "sha512-8CWXXZdOvVrIL4SeY/Gnp+idxxiGK4XFkP4FY26Sx/fpTz/b6vv4BVWELMDzQweSyyhdcuAcU14H6izzB6k1Cw==",
      "dependencies": {
        "multiformats": "^10.0.0"
      },
      "engines": {
        "node": ">=16.0.0",
        "npm": ">=7.0.0"
      }
    },
    "node_modules/undici": {
      "version": "5.13.0",
      "resolved": "https://registry.npmjs.org/undici/-/undici-5.13.0.tgz",
      "integrity": "sha512-UDZKtwb2k7KRsK4SdXWG7ErXiL7yTGgLWvk2AXO1JMjgjh404nFo6tWSCM2xMpJwMPx3J8i/vfqEh1zOqvj82Q==",
      "dependencies": {
        "busboy": "^1.6.0"
      },
      "engines": {
        "node": ">=12.18"
      }
    },
    "node_modules/varint": {
      "version": "6.0.0",
      "resolved": "https://registry.npmjs.org/varint/-/varint-6.0.0.tgz",
      "integrity": "sha512-cXEIW6cfr15lFv563k4GuVuW/fiwjknytD37jIOLSdSWuOI6WnO/oKwmP2FQTU2l01LP8/M5TSAJpzUaGe3uWg=="
    }
  },
  "dependencies": {
    "@chainsafe/is-ip": {
      "version": "2.0.1",
      "resolved": "https://registry.npmjs.org/@chainsafe/is-ip/-/is-ip-2.0.1.tgz",
      "integrity": "sha512-nqSJ8u2a1Rv9FYbyI8qpDhTYujaKEyLknNrTejLYoSWmdeg+2WB7R6BZqPZYfrJzDxVi3rl6ZQuoaEvpKRZWgQ=="
    },
    "@leichtgewicht/ip-codec": {
      "version": "2.0.4",
      "resolved": "https://registry.npmjs.org/@leichtgewicht/ip-codec/-/ip-codec-2.0.4.tgz",
      "integrity": "sha512-Hcv+nVC0kZnQ3tD9GVu5xSMR4VVYOteQIr/hwFPVEvPdlXqgGEuRjiheChHgdM+JyqdgNcmzZOX/tnl0JOiI7A=="
    },
    "@libp2p/interface-peer-discovery": {
      "version": "1.0.2",
      "resolved": "https://registry.npmjs.org/@libp2p/interface-peer-discovery/-/interface-peer-discovery-1.0.2.tgz",
      "integrity": "sha512-Zgjw0bVd8DDwL5qkh/GA1JCQiEGD16wRQ7nhlGe+tXHdZb8LCP/1/P6ry0v0W6MgxAnO90SegC4T3TGYlsj6hw==",
      "requires": {
        "@libp2p/interface-peer-info": "^1.0.0",
        "@libp2p/interfaces": "^3.0.0"
      }
    },
    "@libp2p/interface-peer-id": {
      "version": "1.0.6",
      "resolved": "https://registry.npmjs.org/@libp2p/interface-peer-id/-/interface-peer-id-1.0.6.tgz",
      "integrity": "sha512-3iMoAnXq/F+t/JWbNPb9UePvwgmm5rFUCEwNgAiDOUtXUZsXZO0Ko3eF9O1gpLe1KNH5wK7g2Wf46YW1vRAS8A==",
      "requires": {
        "multiformats": "^10.0.0"
      }
    },
    "@libp2p/interface-peer-info": {
      "version": "1.0.4",
      "resolved": "https://registry.npmjs.org/@libp2p/interface-peer-info/-/interface-peer-info-1.0.4.tgz",
      "integrity": "sha512-ILW2j7NMD1jZwWdJyxXY8fv/aiaJf2rOjgQkXgidy1GdaZ7UtNiiyvZmksqfEVlWH6opfd/GbuwrMemzM2E7Xg==",
      "requires": {
        "@libp2p/interface-peer-id": "^1.0.0",
        "@multiformats/multiaddr": "^11.0.0"
      }
    },
    "@libp2p/interfaces": {
      "version": "3.0.4",
      "resolved": "https://registry.npmjs.org/@libp2p/interfaces/-/interfaces-3.0.4.tgz",
      "integrity": "sha512-e8GZAgr72bT2qfDsIVb9lKDA2itLLGfXnaC18VXsToFUd4kCAe6ggUsRFpCBjrX3aWZ16pRiGy4afprOCfgyIg=="
    },
    "@libp2p/logger": {
      "version": "2.0.2",
      "resolved": "https://registry.npmjs.org/@libp2p/logger/-/logger-2.0.2.tgz",
      "integrity": "sha512-7XuYoKuce7wTUkVSpll3A/BVlnCVV2kQEfgHtNe8fK8miXCDJFKYm/DhCP1/ZOFs/TrkVt7F/TFJwQ9tlOj3rw==",
      "requires": {
        "@libp2p/interface-peer-id": "^1.0.2",
        "debug": "^4.3.3",
        "interface-datastore": "^7.0.0",
        "multiformats": "^10.0.0"
      }
    },
    "@libp2p/mdns": {
      "version": "5.1.0",
      "resolved": "https://registry.npmjs.org/@libp2p/mdns/-/mdns-5.1.0.tgz",
      "integrity": "sha512-kKCnZ9T2IDZoGWWHTmqDj2nGub6mtA3sHcKmojssljiG6KAL5gxr6/9lW3kb6R598b+RMrl7xl2r8pSQRl0O3g==",
      "requires": {
        "@libp2p/interface-peer-discovery": "^1.0.1",
        "@libp2p/interface-peer-id": "^1.0.4",
        "@libp2p/interface-peer-info": "^1.0.3",
        "@libp2p/interfaces": "^3.0.3",
        "@libp2p/logger": "^2.0.1",
        "@libp2p/peer-id": "^1.1.15",
        "@multiformats/multiaddr": "^11.0.0",
        "@types/multicast-dns": "^7.2.1",
        "multicast-dns": "^7.2.0",
        "multiformats": "^10.0.0"
      }
    },
    "@libp2p/peer-id": {
      "version": "1.1.16",
      "resolved": "https://registry.npmjs.org/@libp2p/peer-id/-/peer-id-1.1.16.tgz",
      "integrity": "sha512-frt4wRNme5fR8sFl6LLL22brfEIDR09ewE4ICaRzYC32wvI9LK4oXfMOytpW7YUX1nH/r5mOcJgmZaDW0y6nZQ==",
      "requires": {
        "@libp2p/interface-peer-id": "^1.0.0",
        "err-code": "^3.0.1",
        "multiformats": "^10.0.0",
        "uint8arrays": "^4.0.2"
      }
    },
    "@multiformats/multiaddr": {
      "version": "11.0.7",
      "resolved": "https://registry.npmjs.org/@multiformats/multiaddr/-/multiaddr-11.0.7.tgz",
      "integrity": "sha512-rCqYS3Qz/dm4H/1Lvda11OBZf1tH8rst69GWK9jDy8AY+3n+NBBdErA/SRtdcRx6hPtQ8lAB5UhHlzIVbViv1Q==",
      "requires": {
        "@chainsafe/is-ip": "^2.0.1",
        "dns-over-http-resolver": "^2.1.0",
        "err-code": "^3.0.1",
        "multiformats": "^10.0.0",
        "uint8arrays": "^4.0.2",
        "varint": "^6.0.0"
      }
    },
    "@types/dns-packet": {
      "version": "5.2.4",
      "resolved": "https://registry.npmjs.org/@types/dns-packet/-/dns-packet-5.2.4.tgz",
      "integrity": "sha512-OAruArypdNxR/tzbmrtoyEuXeNTLaZCpO19BXaNC10T5ACIbvjmvhmV2RDEy2eLc3w8IjK7SY3cvUCcAW+sfoQ==",
      "requires": {
        "@types/node": "*"
      }
    },
    "@types/multicast-dns": {
      "version": "7.2.1",
      "resolved": "https://registry.npmjs.org/@types/multicast-dns/-/multicast-dns-7.2.1.tgz",
      "integrity": "sha512-A2PmB8MRcNVEkw6wzGT5rtBHqyHOVjiRMkJH+zpJKXipSi+GGkHg6JjNFApDiYK9WefJqkVG0taln1VMl4TGfw==",
      "requires": {
        "@types/dns-packet": "*",
        "@types/node": "*"
      }
    },
    "@types/node": {
      "version": "18.11.10",
      "resolved": "https://registry.npmjs.org/@types/node/-/node-18.11.10.tgz",
      "integrity": "sha512-juG3RWMBOqcOuXC643OAdSA525V44cVgGV6dUDuiFtss+8Fk5x1hI93Rsld43VeJVIeqlP9I7Fn9/qaVqoEAuQ=="
    },
    "busboy": {
      "version": "1.6.0",
      "resolved": "https://registry.npmjs.org/busboy/-/busboy-1.6.0.tgz",
      "integrity": "sha512-8SFQbg/0hQ9xy3UNTB0YEnsNBbWfhf7RtnzpL7TkBiTBRfrQ9Fxcnz7VJsleJpyp6rVLvXiuORqjlHi5q+PYuA==",
      "requires": {
        "streamsearch": "^1.1.0"
      }
    },
    "debug": {
      "version": "4.3.4",
      "resolved": "https://registry.npmjs.org/debug/-/debug-4.3.4.tgz",
      "integrity": "sha512-PRWFHuSU3eDtQJPvnNY7Jcket1j0t5OuOsFzPPzsekD52Zl8qUfFIPEiswXqIvHWGVHOgX+7G/vCNNhehwxfkQ==",
      "requires": {
        "ms": "2.1.2"
      }
    },
    "dns-over-http-resolver": {
      "version": "2.1.1",
      "resolved": "https://registry.npmjs.org/dns-over-http-resolver/-/dns-over-http-resolver-2.1.1.tgz",
      "integrity": "sha512-Lm/eXB7yAQLJ5WxlBGwYfBY7utduXPZykcSmcG6K7ozM0wrZFvxZavhT6PqI0kd/5CUTfev/RrEFQqyU4CGPew==",
      "requires": {
        "debug": "^4.3.1",
        "native-fetch": "^4.0.2",
        "receptacle": "^1.3.2",
        "undici": "^5.12.0"
      }
    },
    "dns-packet": {
      "version": "5.4.0",
      "resolved": "https://registry.npmjs.org/dns-packet/-/dns-packet-5.4.0.tgz",
      "integrity": "sha512-EgqGeaBB8hLiHLZtp/IbaDQTL8pZ0+IvwzSHA6d7VyMDM+B9hgddEMa9xjK5oYnw0ci0JQ6g2XCD7/f6cafU6g==",
      "requires": {
        "@leichtgewicht/ip-codec": "^2.0.1"
      }
    },
    "err-code": {
      "version": "3.0.1",
      "resolved": "https://registry.npmjs.org/err-code/-/err-code-3.0.1.tgz",
      "integrity": "sha512-GiaH0KJUewYok+eeY05IIgjtAe4Yltygk9Wqp1V5yVWLdhf0hYZchRjNIT9bb0mSwRcIusT3cx7PJUf3zEIfUA=="
    },
    "interface-datastore": {
      "version": "7.0.1",
      "resolved": "https://registry.npmjs.org/interface-datastore/-/interface-datastore-7.0.1.tgz",
      "integrity": "sha512-Arm3PyEdL9kvzUXVPSE8x6YPK5N0MAP9b7au6D9Y91dgWVVLFMGt/W3oiR1mhgT+U82Qc7FcVgW8FBpivOBDAg==",
      "requires": {
        "interface-store": "^3.0.0",
        "nanoid": "^4.0.0",
        "uint8arrays": "^4.0.2"
      }
    },
    "interface-store": {
      "version": "3.0.1",
      "resolved": "https://registry.npmjs.org/interface-store/-/interface-store-3.0.1.tgz",
      "integrity": "sha512-S5JcwBV+cJorsD0zGKHcBa8A2e578gw9vhZX0QhkV4Xyl4lAMAg5N2GJceUnjCfj/FOKzxTdABzJKPOF2Id8Ig=="
    },
    "ms": {
      "version": "2.1.2",
      "resolved": "https://registry.npmjs.org/ms/-/ms-2.1.2.tgz",
      "integrity": "sha512-sGkPx+VjMtmA6MX27oA4FBFELFCZZ4S4XqeGOXCv68tT+jb3vk/RyaKWP0PTKyWtmLSM0b+adUTEvbs1PEaH2w=="
    },
    "multicast-dns": {
      "version": "7.2.5",
      "resolved": "https://registry.npmjs.org/multicast-dns/-/multicast-dns-7.2.5.tgz",
      "integrity": "sha512-2eznPJP8z2BFLX50tf0LuODrpINqP1RVIm/CObbTcBRITQgmC/TjcREF1NeTBzIcR5XO/ukWo+YHOjBbFwIupg==",
      "requires": {
        "dns-packet": "^5.2.2",
        "thunky": "^1.0.2"
      }
    },
    "multiformats": {
      "version": "10.0.2",
      "resolved": "https://registry.npmjs.org/multiformats/-/multiformats-10.0.2.tgz",
      "integrity": "sha512-nJEHLFOYhO4L+aNApHhCnWqa31FyqAHv9Q77AhmwU3KsM2f1j7tuJpCk5ByZ33smzycNCpSG5klNIejIyfFx2A=="
    },
    "nanoid": {
      "version": "4.0.0",
      "resolved": "https://registry.npmjs.org/nanoid/-/nanoid-4.0.0.tgz",
      "integrity": "sha512-IgBP8piMxe/gf73RTQx7hmnhwz0aaEXYakvqZyE302IXW3HyVNhdNGC+O2MwMAVhLEnvXlvKtGbtJf6wvHihCg=="
    },
    "native-fetch": {
      "version": "4.0.2",
      "resolved": "https://registry.npmjs.org/native-fetch/-/native-fetch-4.0.2.tgz",
      "integrity": "sha512-4QcVlKFtv2EYVS5MBgsGX5+NWKtbDbIECdUXDBGDMAZXq3Jkv9zf+y8iS7Ub8fEdga3GpYeazp9gauNqXHJOCg==",
      "requires": {}
    },
    "receptacle": {
      "version": "1.3.2",
      "resolved": "https://registry.npmjs.org/receptacle/-/receptacle-1.3.2.tgz",
      "integrity": "sha512-HrsFvqZZheusncQRiEE7GatOAETrARKV/lnfYicIm8lbvp/JQOdADOfhjBd2DajvoszEyxSM6RlAAIZgEoeu/A==",
      "requires": {
        "ms": "^2.1.1"
      }
    },
    "streamsearch": {
      "version": "1.1.0",
      "resolved": "https://registry.npmjs.org/streamsearch/-/streamsearch-1.1.0.tgz",
      "integrity": "sha512-Mcc5wHehp9aXz1ax6bZUyY5afg9u2rv5cqQI3mRrYkGC8rW2hM02jWuwjtL++LS5qinSyhj2QfLyNsuc+VsExg=="
    },
    "thunky": {
      "version": "1.1.0",
      "resolved": "https://registry.npmjs.org/thunky/-/thunky-1.1.0.tgz",
      "integrity": "sha512-eHY7nBftgThBqOyHGVN+l8gF0BucP09fMo0oO/Lb0w1OF80dJv+lDVpXG60WMQvkcxAkNybKsrEIE3ZtKGmPrA=="
    },
    "uint8arrays": {
      "version": "4.0.2",
      "resolved": "https://registry.npmjs.org/uint8arrays/-/uint8arrays-4.0.2.tgz",
      "integrity": "sha512-8CWXXZdOvVrIL4SeY/Gnp+idxxiGK4XFkP4FY26Sx/fpTz/b6vv4BVWELMDzQweSyyhdcuAcU14H6izzB6k1Cw==",
      "requires": {
        "multiformats": "^10.0.0"
      }
    },
    "undici": {
      "version": "5.13.0",
      "resolved": "https://registry.npmjs.org/undici/-/undici-5.13.0.tgz",
      "integrity": "sha512-UDZKtwb2k7KRsK4SdXWG7ErXiL7yTGgLWvk2AXO1JMjgjh404nFo6tWSCM2xMpJwMPx3J8i/vfqEh1zOqvj82Q==",
      "requires": {
        "busboy": "^1.6.0"
      }
    },
    "varint": {
      "version": "6.0.0",
      "resolved": "https://registry.npmjs.org/varint/-/varint-6.0.0.tgz",
      "integrity": "sha512-cXEIW6cfr15lFv563k4GuVuW/fiwjknytD37jIOLSdSWuOI6WnO/oKwmP2FQTU2l01LP8/M5TSAJpzUaGe3uWg=="
    }
  }
}
